
Microsoft Visual Studio Solution File, Format Version 11.00
# Visual Studio 2010
Project("{FAE04EC0-301F-11D3-BF4B-00C04F79EFBC}") = "Human_Enterprise_Project", "Assembly-CSharp.csproj", "{C200DBF8-8D8A-7AEF-A4F2-976A3C871FDA}"
EndProject
Project("{FAE04EC0-301F-11D3-BF4B-00C04F79EFBC}") = "Human_Enterprise_Project", "Assembly-CSharp-Editor.csproj", "{655019CA-EBD9-FD40-17E0-86FBBC5A6DB2}"
EndProject
Global
	GlobalSection(SolutionConfigurationPlatforms) = preSolution
		Debug|Any CPU = Debug|Any CPU
		Release|Any CPU = Release|Any CPU
	EndGlobalSection
	GlobalSection(ProjectConfigurationPlatforms) = postSolution
		{C200DBF8-8D8A-7AEF-A4F2-976A3C871FDA}.Debug|Any CPU.ActiveCfg = Debug|Any CPU
		{C200DBF8-8D8A-7AEF-A4F2-976A3C871FDA}.Debug|Any CPU.Build.0 = Debug|Any CPU
		{C200DBF8-8D8A-7AEF-A4F2-976A3C871FDA}.Release|Any CPU.ActiveCfg = Release|Any CPU
		{C200DBF8-8D8A-7AEF-A4F2-976A3C871FDA}.Release|Any CPU.Build.0 = Release|Any CPU
		{655019CA-EBD9-FD40-17E0-86FBBC5A6DB2}.Debug|Any CPU.ActiveCfg = Debug|Any CPU
		{655019CA-EBD9-FD40-17E0-86FBBC5A6DB2}.Debug|Any CPU.Build.0 = Debug|Any CPU
		{655019CA-EBD9-FD40-17E0-86FBBC5A6DB2}.Release|Any CPU.ActiveCfg = Release|Any CPU
		{655019CA-EBD9-FD40-17E0-86FBBC5A6DB2}.Release|Any CPU.Build.0 = Release|Any CPU
	EndGlobalSection
	GlobalSection(SolutionProperties) = preSolution
		HideSolutionNode = FALSE
	EndGlobalSection
	GlobalSection(MonoDevelopProperties) = preSolution
		StartupItem = Assembly-CSharp.csproj
	EndGlobalSection
EndGlobal
